// !$*UTF8*$!
{
	archiveVersion = 1;
	classes = {
	};
	objectVersion = 46;
	objects = {

/* Begin PBXBuildFile section */
		096C90ED1F6009F50035DD17 /* AppDelegate.swift in Sources */ = {isa = PBXBuildFile; fileRef = 096C90EC1F6009F50035DD17 /* AppDelegate.swift */; };
		096C90EF1F6009F50035DD17 /* LoginViewController.swift in Sources */ = {isa = PBXBuildFile; fileRef = 096C90EE1F6009F50035DD17 /* LoginViewController.swift */; };
		096C90F21F6009F50035DD17 /* Main.storyboard in Resources */ = {isa = PBXBuildFile; fileRef = 096C90F01F6009F50035DD17 /* Main.storyboard */; };
		096C90F41F6009F50035DD17 /* Assets.xcassets in Resources */ = {isa = PBXBuildFile; fileRef = 096C90F31F6009F50035DD17 /* Assets.xcassets */; };
		096C90F71F6009F50035DD17 /* LaunchScreen.storyboard in Resources */ = {isa = PBXBuildFile; fileRef = 096C90F51F6009F50035DD17 /* LaunchScreen.storyboard */; };
		096C91011F601CFC0035DD17 /* UdacityAPIClient.swift in Sources */ = {isa = PBXBuildFile; fileRef = 096C91001F601CFC0035DD17 /* UdacityAPIClient.swift */; };
		096C91031F601E7F0035DD17 /* UdacityAPIConvenience.swift in Sources */ = {isa = PBXBuildFile; fileRef = 096C91021F601E7F0035DD17 /* UdacityAPIConvenience.swift */; };
		096C91051F6020000035DD17 /* UdacityAPIConstants.swift in Sources */ = {isa = PBXBuildFile; fileRef = 096C91041F6020000035DD17 /* UdacityAPIConstants.swift */; };
/* End PBXBuildFile section */

/* Begin PBXFileReference section */
		096C90E91F6009F50035DD17 /* OnTheMap2.app */ = {isa = PBXFileReference; explicitFileType = wrapper.application; includeInIndex = 0; path = OnTheMap2.app; sourceTree = BUILT_PRODUCTS_DIR; };
		096C90EC1F6009F50035DD17 /* AppDelegate.swift */ = {isa = PBXFileReference; lastKnownFileType = sourcecode.swift; path = AppDelegate.swift; sourceTree = "<group>"; };
		096C90EE1F6009F50035DD17 /* LoginViewController.swift */ = {isa = PBXFileReference; lastKnownFileType = sourcecode.swift; path = LoginViewController.swift; sourceTree = "<group>"; };
		096C90F11F6009F50035DD17 /* Base */ = {isa = PBXFileReference; lastKnownFileType = file.storyboard; name = Base; path = Base.lproj/Main.storyboard; sourceTree = "<group>"; };
		096C90F31F6009F50035DD17 /* Assets.xcassets */ = {isa = PBXFileReference; lastKnownFileType = folder.assetcatalog; path = Assets.xcassets; sourceTree = "<group>"; };
		096C90F61F6009F50035DD17 /* Base */ = {isa = PBXFileReference; lastKnownFileType = file.storyboard; name = Base; path = Base.lproj/LaunchScreen.storyboard; sourceTree = "<group>"; };
		096C90F81F6009F50035DD17 /* Info.plist */ = {isa = PBXFileReference; lastKnownFileType = text.plist.xml; path = Info.plist; sourceTree = "<group>"; };
		096C91001F601CFC0035DD17 /* UdacityAPIClient.swift */ = {isa = PBXFileReference; fileEncoding = 4; lastKnownFileType = sourcecode.swift; path = UdacityAPIClient.swift; sourceTree = "<group>"; };
		096C91021F601E7F0035DD17 /* UdacityAPIConvenience.swift */ = {isa = PBXFileReference; fileEncoding = 4; lastKnownFileType = sourcecode.swift; path = UdacityAPIConvenience.swift; sourceTree = "<group>"; };
		096C91041F6020000035DD17 /* UdacityAPIConstants.swift */ = {isa = PBXFileReference; fileEncoding = 4; lastKnownFileType = sourcecode.swift; path = UdacityAPIConstants.swift; sourceTree = "<group>"; };
/* End PBXFileReference section */

/* Begin PBXFrameworksBuildPhase section */
		096C90E61F6009F50035DD17 /* Frameworks */ = {
			isa = PBXFrameworksBuildPhase;
			buildActionMask = 2147483647;
			files = (
			);
			runOnlyForDeploymentPostprocessing = 0;
		};
/* End PBXFrameworksBuildPhase section */

/* Begin PBXGroup section */
		096C90E01F6009F50035DD17 = {
			isa = PBXGroup;
			children = (
				096C90FF1F601CC30035DD17 /* UdacityClient */,
				096C90FE1F601CB60035DD17 /* ParseClient */,
				096C90EB1F6009F50035DD17 /* OnTheMap2 */,
				096C90EA1F6009F50035DD17 /* Products */,
			);
			sourceTree = "<group>";
		};
		096C90EA1F6009F50035DD17 /* Products */ = {
			isa = PBXGroup;
			children = (
				096C90E91F6009F50035DD17 /* OnTheMap2.app */,
			);
			name = Products;
			sourceTree = "<group>";
		};
		096C90EB1F6009F50035DD17 /* OnTheMap2 */ = {
			isa = PBXGroup;
			children = (
				096C90EC1F6009F50035DD17 /* AppDelegate.swift */,
				096C90EE1F6009F50035DD17 /* LoginViewController.swift */,
				096C90F01F6009F50035DD17 /* Main.storyboard */,
				096C90F31F6009F50035DD17 /* Assets.xcassets */,
				096C90F51F6009F50035DD17 /* LaunchScreen.storyboard */,
				096C90F81F6009F50035DD17 /* Info.plist */,
			);
			path = OnTheMap2;
			sourceTree = "<group>";
		};
		096C90FE1F601CB60035DD17 /* ParseClient */ = {
			isa = PBXGroup;
			children = (
			);
			name = ParseClient;
			sourceTree = "<group>";
		};
		096C90FF1F601CC30035DD17 /* UdacityClient */ = {
			isa = PBXGroup;
			children = (
				096C91001F601CFC0035DD17 /* UdacityAPIClient.swift */,
				096C91021F601E7F0035DD17 /* UdacityAPIConvenience.swift */,
				096C91041F6020000035DD17 /* UdacityAPIConstants.swift */,
			);
			name = UdacityClient;
			sourceTree = "<group>";
		};
/* End PBXGroup section */

/* Begin PBXNativeTarget section */
		096C90E81F6009F50035DD17 /* OnTheMap2 */ = {
			isa = PBXNativeTarget;
			buildConfigurationList = 096C90FB1F6009F50035DD17 /* Build configuration list for PBXNativeTarget "OnTheMap2" */;
			buildPhases = (
				096C90E51F6009F50035DD17 /* Sources */,
				096C90E61F6009F50035DD17 /* Frameworks */,
				096C90E71F6009F50035DD17 /* Resources */,
			);
			buildRules = (
			);
			dependencies = (
			);
			name = OnTheMap2;
			productName = OnTheMap2;
			productReference = 096C90E91F6009F50035DD17 /* OnTheMap2.app */;
			productType = "com.apple.product-type.application";
		};
/* End PBXNativeTarget section */

/* Begin PBXProject section */
		096C90E11F6009F50035DD17 /* Project object */ = {
			isa = PBXProject;
			attributes = {
				LastSwiftUpdateCheck = 0830;
				LastUpgradeCheck = 0830;
				ORGANIZATIONNAME = "Norbert Grover";
				TargetAttributes = {
					096C90E81F6009F50035DD17 = {
						CreatedOnToolsVersion = 8.3.2;
						DevelopmentTeam = 93TAG27MAJ;
						ProvisioningStyle = Automatic;
					};
				};
			};
			buildConfigurationList = 096C90E41F6009F50035DD17 /* Build configuration list for PBXProject "OnTheMap2" */;
			compatibilityVersion = "Xcode 3.2";
			developmentRegion = English;
			hasScannedForEncodings = 0;
			knownRegions = (
				en,
				Base,
			);
			mainGroup = 096C90E01F6009F50035DD17;
			productRefGroup = 096C90EA1F6009F50035DD17 /* Products */;
			projectDirPath = "";
			projectRoot = "";
			targets = (
				096C90E81F6009F50035DD17 /* OnTheMap2 */,
			);
		};
/* End PBXProject section */

/* Begin PBXResourcesBuildPhase section */
		096C90E71F6009F50035DD17 /* Resources */ = {
			isa = PBXResourcesBuildPhase;
			buildActionMask = 2147483647;
			files = (
				096C90F71F6009F50035DD17 /* LaunchScreen.storyboard in Resources */,
				096C90F41F6009F50035DD17 /* Assets.xcassets in Resources */,
				096C90F21F6009F50035DD17 /* Main.storyboard in Resources */,
			);
			runOnlyForDeploymentPostprocessing = 0;
		};
/* End PBXResourcesBuildPhase section */

/* Begin PBXSourcesBuildPhase section */
		096C90E51F6009F50035DD17 /* Sources */ = {
			isa = PBXSourcesBuildPhase;
			buildActionMask = 2147483647;
			files = (
				096C91031F601E7F0035DD17 /* UdacityAPIConvenience.swift in Sources */,
				096C91051F6020000035DD17 /* UdacityAPIConstants.swift in Sources */,
				096C90EF1F6009F50035DD17 /* LoginViewController.swift in Sources */,
				096C90ED1F6009F50035DD17 /* AppDelegate.swift in Sources */,
				096C91011F601CFC0035DD17 /* UdacityAPIClient.swift in Sources */,
			);
			runOnlyForDeploymentPostprocessing = 0;
		};
/* End PBXSourcesBuildPhase section */

/* Begin PBXVariantGroup section */
		096C90F01F6009F50035DD17 /* Main.storyboard */ = {
			isa = PBXVariantGroup;
			children = (
				096C90F11F6009F50035DD17 /* Base */,
			);
			name = Main.storyboard;
			sourceTree = "<group>";
		};
		096C90F51F6009F50035DD17 /* LaunchScreen.storyboard */ = {
			isa = PBXVariantGroup;
			children = (
				096C90F61F6009F50035DD17 /* Base */,
			);
			name = LaunchScreen.storyboard;
			sourceTree = "<group>";
		};
/* End PBXVariantGroup section */

/* Begin XCBuildConfiguration section */
		096C90F91F6009F50035DD17 /* Debug */ = {
			isa = XCBuildConfiguration;
			buildSettings = {
				ALWAYS_SEARCH_USER_PATHS = NO;
				CLANG_ANALYZER_NONNULL = YES;
				CLANG_ANALYZER_NUMBER_OBJECT_CONVERSION = YES_AGGRESSIVE;
				CLANG_CXX_LANGUAGE_STANDARD = "gnu++0x";
				CLANG_CXX_LIBRARY = "libc++";
				CLANG_ENABLE_MODULES = YES;
				CLANG_ENABLE_OBJC_ARC = YES;
				CLANG_WARN_BOOL_CONVERSION = YES;
				CLANG_WARN_CONSTANT_CONVERSION = YES;
				CLANG_WARN_DIRECT_OBJC_ISA_USAGE = YES_ERROR;
				CLANG_WARN_DOCUMENTATION_COMMENTS = YES;
				CLANG_WARN_EMPTY_BODY = YES;
				CLANG_WARN_ENUM_CONVERSION = YES;
				CLANG_WARN_INFINITE_RECURSION = YES;
				CLANG_WARN_INT_CONVERSION = YES;
				CLANG_WARN_OBJC_ROOT_CLASS = YES_ERROR;
				CLANG_WARN_SUSPICIOUS_MOVE = YES;
				CLANG_WARN_UNREACHABLE_CODE = YES;
				CLANG_WARN__DUPLICATE_METHOD_MATCH = YES;
				"CODE_SIGN_IDENTITY[sdk=iphoneos*]" = "iPhone Developer";
				COPY_PHASE_STRIP = NO;
				DEBUG_INFORMATION_FORMAT = dwarf;
				ENABLE_STRICT_OBJC_MSGSEND = YES;
				ENABLE_TESTABILITY = YES;
				GCC_C_LANGUAGE_STANDARD = gnu99;
				GCC_DYNAMIC_NO_PIC = NO;
				GCC_NO_COMMON_BLOCKS = YES;
				GCC_OPTIMIZATION_LEVEL = 0;
				GCC_PREPROCESSOR_DEFINITIONS = (
					"DEBUG=1",
					"$(inherited)",
				);
				GCC_WARN_64_TO_32_BIT_CONVERSION = YES;
				GCC_WARN_ABOUT_RETURN_TYPE = YES_ERROR;
				GCC_WARN_UNDECLARED_SELECTOR = YES;
				GCC_WARN_UNINITIALIZED_AUTOS = YES_AGGRESSIVE;
				GCC_WARN_UNUSED_FUNCTION = YES;
				GCC_WARN_UNUSED_VARIABLE = YES;
				IPHONEOS_DEPLOYMENT_TARGET = 10.3;
				MTL_ENABLE_DEBUG_INFO = YES;
				ONLY_ACTIVE_ARCH = YES;
				SDKROOT = iphoneos;
				SWIFT_ACTIVE_COMPILATION_CONDITIONS = DEBUG;
				SWIFT_OPTIMIZATION_LEVEL = "-Onone";
				TARGETED_DEVICE_FAMILY = "1,2";
			};
			name = Debug;
		};
		096C90FA1F6009F50035DD17 /* Release */ = {
			isa = XCBuildConfiguration;
			buildSettings = {
				ALWAYS_SEARCH_USER_PATHS = NO;
				CLANG_ANALYZER_NONNULL = YES;
				CLANG_ANALYZER_NUMBER_OBJECT_CONVERSION = YES_AGGRESSIVE;
				CLANG_CXX_LANGUAGE_STANDARD = "gnu++0x";
				CLANG_CXX_LIBRARY = "libc++";
				CLANG_ENABLE_MODULES = YES;
				CLANG_ENABLE_OBJC_ARC = YES;
				CLANG_WARN_BOOL_CONVERSION = YES;
				CLANG_WARN_CONSTANT_CONVERSION = YES;
				CLANG_WARN_DIRECT_OBJC_ISA_USAGE = YES_ERROR;
				CLANG_WARN_DOCUMENTATION_COMMENTS = YES;
				CLANG_WARN_EMPTY_BODY = YES;
				CLANG_WARN_ENUM_CONVERSION = YES;
				CLANG_WARN_INFINITE_RECURSION = YES;
				CLANG_WARN_INT_CONVERSION = YES;
				CLANG_WARN_OBJC_ROOT_CLASS = YES_ERROR;
				CLANG_WARN_SUSPICIOUS_MOVE = YES;
				CLANG_WARN_UNREACHABLE_CODE = YES;
				CLANG_WARN__DUPLICATE_METHOD_MATCH = YES;
				"CODE_SIGN_IDENTITY[sdk=iphoneos*]" = "iPhone Developer";
				COPY_PHASE_STRIP = NO;
				DEBUG_INFORMATION_FORMAT = "dwarf-with-dsym";
				ENABLE_NS_ASSERTIONS = NO;
				ENABLE_STRICT_OBJC_MSGSEND = YES;
				GCC_C_LANGUAGE_STANDARD = gnu99;
				GCC_NO_COMMON_BLOCKS = YES;
				GCC_WARN_64_TO_32_BIT_CONVERSION = YES;
				GCC_WARN_ABOUT_RETURN_TYPE = YES_ERROR;
				GCC_WARN_UNDECLARED_SELECTOR = YES;
				GCC_WARN_UNINITIALIZED_AUTOS = YES_AGGRESSIVE;
				GCC_WARN_UNUSED_FUNCTION = YES;
				GCC_WARN_UNUSED_VARIABLE = YES;
				IPHONEOS_DEPLOYMENT_TARGET = 10.3;
				MTL_ENABLE_DEBUG_INFO = NO;
				SDKROOT = iphoneos;
				SWIFT_OPTIMIZATION_LEVEL = "-Owholemodule";
				TARGETED_DEVICE_FAMILY = "1,2";
				VALIDATE_PRODUCT = YES;
			};
			name = Release;
		};
		096C90FC1F6009F50035DD17 /* Debug */ = {
			isa = XCBuildConfiguration;
			buildSettings = {
				ASSETCATALOG_COMPILER_APPICON_NAME = AppIcon;
				DEVELOPMENT_TEAM = 93TAG27MAJ;
				INFOPLIST_FILE = OnTheMap2/Info.plist;
				LD_RUNPATH_SEARCH_PATHS = "$(inherited) @executable_path/Frameworks";
				PRODUCT_BUNDLE_IDENTIFIER = GroverTech.OnTheMap2;
				PRODUCT_NAME = "$(TARGET_NAME)";
				SWIFT_VERSION = 3.0;
			};
			name = Debug;
		};
		096C90FD1F6009F50035DD17 /* Release */ = {
			isa = XCBuildConfiguration;
			buildSettings = {
				ASSETCATALOG_COMPILER_APPICON_NAME = AppIcon;
				DEVELOPMENT_TEAM = 93TAG27MAJ;
				INFOPLIST_FILE = OnTheMap2/Info.plist;
				LD_RUNPATH_SEARCH_PATHS = "$(inherited) @executable_path/Frameworks";
				PRODUCT_BUNDLE_IDENTIFIER = GroverTech.OnTheMap2;
				PRODUCT_NAME = "$(TARGET_NAME)";
				SWIFT_VERSION = 3.0;
			};
			name = Release;
		};
/* End XCBuildConfiguration section */

/* Begin XCConfigurationList section */
		096C90E41F6009F50035DD17 /* Build configuration list for PBXProject "OnTheMap2" */ = {
			isa = XCConfigurationList;
			buildConfigurations = (
				096C90F91F6009F50035DD17 /* Debug */,
				096C90FA1F6009F50035DD17 /* Release */,
			);
			defaultConfigurationIsVisible = 0;
			defaultConfigurationName = Release;
		};
		096C90FB1F6009F50035DD17 /* Build configuration list for PBXNativeTarget "OnTheMap2" */ = {
			isa = XCConfigurationList;
			buildConfigurations = (
				096C90FC1F6009F50035DD17 /* Debug */,
				096C90FD1F6009F50035DD17 /* Release */,
			);
			defaultConfigurationIsVisible = 0;
		};
/* End XCConfigurationList section */
	};
	rootObject = 096C90E11F6009F50035DD17 /* Project object */;
}
